
Microsoft Visual Studio Solution File, Format Version 12.00
# Visual Studio Version 17
VisualStudioVersion = 17.2.32519.379
MinimumVisualStudioVersion = 10.0.40219.1
Project("{FAE04EC0-301F-11D3-BF4B-00C04F79EFBC}") = "SmallEshopAssignment", "SmallEshopAssignment\SmallEshopAssignment.csproj", "{F9A34314-7697-40A3-90A8-1D610F2FE718}"
EndProject
Global
	GlobalSection(SolutionConfigurationPlatforms) = preSolution
		Debug|Any CPU = Debug|Any CPU
		Release|Any CPU = Release|Any CPU
	EndGlobalSection
	GlobalSection(ProjectConfigurationPlatforms) = postSolution
		{F9A34314-7697-40A3-90A8-1D610F2FE718}.Debug|Any CPU.ActiveCfg = Debug|Any CPU
		{F9A34314-7697-40A3-90A8-1D610F2FE718}.Debug|Any CPU.Build.0 = Debug|Any CPU
		{F9A34314-7697-40A3-90A8-1D610F2FE718}.Release|Any CPU.ActiveCfg = Release|Any CPU
		{F9A34314-7697-40A3-90A8-1D610F2FE718}.Release|Any CPU.Build.0 = Release|Any CPU
	EndGlobalSection
	GlobalSection(SolutionProperties) = preSolution
		HideSolutionNode = FALSE
	EndGlobalSection
	GlobalSection(ExtensibilityGlobals) = postSolution
		SolutionGuid = {E443C470-F97D-4348-9F3D-48024BBA0CA2}
	EndGlobalSection
EndGlobal
